programs:
- checksums:
    deno-aarch64-apple-darwin.zip:
      _archive: 380930f8c72080fb1bb4d8d785b5741a5fdfa0a1c2cfc08715ad710df58e143a
      deno: 05fec425804ed585a35f99b104083ed1042c1e146960326ba89234bf51eef0bf
    deno-x86_64-apple-darwin.zip:
      _archive: 05d198385de5318fe4e16448db90be607fc9cbecd30d1a442b9949e5709c12ad
      deno: e6dad72e552bd7fe3c7b63b50fac2a6b34d7e7bbcbb422c9097ad976eb77a0f8
  name: deno
  overlay:
    Arch:
      amd64: x86_64
      arm64: aarch64
    OS:
      darwin: apple-darwin
  url: https://github.com/denoland/deno/releases/download/v{{ .Version }}/{{ .Name }}-{{ .Arch }}-{{ .OS }}.zip
  version: 1.20.3
updated: "2022-03-26T23:32:23.740748Z"
